
Microsoft Visual Studio Solution File, Format Version 12.00
# Visual Studio Version 17
VisualStudioVersion = 17.0.31903.59
MinimumVisualStudioVersion = 10.0.40219.1
Project("{2150E333-8FDC-42A3-9474-1A3956D46DE8}") = "libs", "libs", "{338D7726-0953-4C20-9B37-A6ABCCE75CBE}"
EndProject
Project("{FAE04EC0-301F-11D3-BF4B-00C04F79EFBC}") = "Contracts", "libs\Contracts\Contracts.csproj", "{4A2A01D7-5C12-4310-9456-96B55021BB51}"
EndProject
Project("{FAE04EC0-301F-11D3-BF4B-00C04F79EFBC}") = "api", "api\api.csproj", "{3DCA767C-B025-4956-B07D-A6314AD38A4A}"
EndProject
Project("{FAE04EC0-301F-11D3-BF4B-00C04F79EFBC}") = "Repository", "libs\Repository\Repository.csproj", "{ADC15572-7FFF-4059-99EF-151212964444}"
EndProject
Project("{FAE04EC0-301F-11D3-BF4B-00C04F79EFBC}") = "Entities", "libs\Entities\Entities.csproj", "{02422EEE-4258-4FC4-AA0B-69B488926471}"
EndProject
Project("{FAE04EC0-301F-11D3-BF4B-00C04F79EFBC}") = "Services", "libs\Services\Services.csproj", "{5E2029FE-0683-4DB8-90D4-E574BF199793}"
EndProject
Project("{FAE04EC0-301F-11D3-BF4B-00C04F79EFBC}") = "Service.Contracts", "libs\Service.Contracts\Service.Contracts.csproj", "{81B0C9A6-93BD-437A-8486-E79D7138FF37}"
EndProject
Project("{FAE04EC0-301F-11D3-BF4B-00C04F79EFBC}") = "Presentation", "libs\Presentation\Presentation.csproj", "{24FBF4B4-3A4E-4EFE-A2D0-16CC08D8AC76}"
EndProject
Project("{FAE04EC0-301F-11D3-BF4B-00C04F79EFBC}") = "Shared.DataTransferObjects", "libs\Shared.DataTransferObjects\Shared.DataTransferObjects.csproj", "{CC384BE0-95D1-47D4-9E8A-39ED5EC5E09D}"
EndProject
Global
	GlobalSection(SolutionConfigurationPlatforms) = preSolution
		Debug|Any CPU = Debug|Any CPU
		Debug|x64 = Debug|x64
		Debug|x86 = Debug|x86
		Release|Any CPU = Release|Any CPU
		Release|x64 = Release|x64
		Release|x86 = Release|x86
	EndGlobalSection
	GlobalSection(ProjectConfigurationPlatforms) = postSolution
		{4A2A01D7-5C12-4310-9456-96B55021BB51}.Debug|Any CPU.ActiveCfg = Debug|Any CPU
		{4A2A01D7-5C12-4310-9456-96B55021BB51}.Debug|Any CPU.Build.0 = Debug|Any CPU
		{4A2A01D7-5C12-4310-9456-96B55021BB51}.Debug|x64.ActiveCfg = Debug|Any CPU
		{4A2A01D7-5C12-4310-9456-96B55021BB51}.Debug|x64.Build.0 = Debug|Any CPU
		{4A2A01D7-5C12-4310-9456-96B55021BB51}.Debug|x86.ActiveCfg = Debug|Any CPU
		{4A2A01D7-5C12-4310-9456-96B55021BB51}.Debug|x86.Build.0 = Debug|Any CPU
		{4A2A01D7-5C12-4310-9456-96B55021BB51}.Release|Any CPU.ActiveCfg = Release|Any CPU
		{4A2A01D7-5C12-4310-9456-96B55021BB51}.Release|Any CPU.Build.0 = Release|Any CPU
		{4A2A01D7-5C12-4310-9456-96B55021BB51}.Release|x64.ActiveCfg = Release|Any CPU
		{4A2A01D7-5C12-4310-9456-96B55021BB51}.Release|x64.Build.0 = Release|Any CPU
		{4A2A01D7-5C12-4310-9456-96B55021BB51}.Release|x86.ActiveCfg = Release|Any CPU
		{4A2A01D7-5C12-4310-9456-96B55021BB51}.Release|x86.Build.0 = Release|Any CPU
		{3DCA767C-B025-4956-B07D-A6314AD38A4A}.Debug|Any CPU.ActiveCfg = Debug|Any CPU
		{3DCA767C-B025-4956-B07D-A6314AD38A4A}.Debug|Any CPU.Build.0 = Debug|Any CPU
		{3DCA767C-B025-4956-B07D-A6314AD38A4A}.Debug|x64.ActiveCfg = Debug|Any CPU
		{3DCA767C-B025-4956-B07D-A6314AD38A4A}.Debug|x64.Build.0 = Debug|Any CPU
		{3DCA767C-B025-4956-B07D-A6314AD38A4A}.Debug|x86.ActiveCfg = Debug|Any CPU
		{3DCA767C-B025-4956-B07D-A6314AD38A4A}.Debug|x86.Build.0 = Debug|Any CPU
		{3DCA767C-B025-4956-B07D-A6314AD38A4A}.Release|Any CPU.ActiveCfg = Release|Any CPU
		{3DCA767C-B025-4956-B07D-A6314AD38A4A}.Release|Any CPU.Build.0 = Release|Any CPU
		{3DCA767C-B025-4956-B07D-A6314AD38A4A}.Release|x64.ActiveCfg = Release|Any CPU
		{3DCA767C-B025-4956-B07D-A6314AD38A4A}.Release|x64.Build.0 = Release|Any CPU
		{3DCA767C-B025-4956-B07D-A6314AD38A4A}.Release|x86.ActiveCfg = Release|Any CPU
		{3DCA767C-B025-4956-B07D-A6314AD38A4A}.Release|x86.Build.0 = Release|Any CPU
		{ADC15572-7FFF-4059-99EF-151212964444}.Debug|Any CPU.ActiveCfg = Debug|Any CPU
		{ADC15572-7FFF-4059-99EF-151212964444}.Debug|Any CPU.Build.0 = Debug|Any CPU
		{ADC15572-7FFF-4059-99EF-151212964444}.Debug|x64.ActiveCfg = Debug|Any CPU
		{ADC15572-7FFF-4059-99EF-151212964444}.Debug|x64.Build.0 = Debug|Any CPU
		{ADC15572-7FFF-4059-99EF-151212964444}.Debug|x86.ActiveCfg = Debug|Any CPU
		{ADC15572-7FFF-4059-99EF-151212964444}.Debug|x86.Build.0 = Debug|Any CPU
		{ADC15572-7FFF-4059-99EF-151212964444}.Release|Any CPU.ActiveCfg = Release|Any CPU
		{ADC15572-7FFF-4059-99EF-151212964444}.Release|Any CPU.Build.0 = Release|Any CPU
		{ADC15572-7FFF-4059-99EF-151212964444}.Release|x64.ActiveCfg = Release|Any CPU
		{ADC15572-7FFF-4059-99EF-151212964444}.Release|x64.Build.0 = Release|Any CPU
		{ADC15572-7FFF-4059-99EF-151212964444}.Release|x86.ActiveCfg = Release|Any CPU
		{ADC15572-7FFF-4059-99EF-151212964444}.Release|x86.Build.0 = Release|Any CPU
		{02422EEE-4258-4FC4-AA0B-69B488926471}.Debug|Any CPU.ActiveCfg = Debug|Any CPU
		{02422EEE-4258-4FC4-AA0B-69B488926471}.Debug|Any CPU.Build.0 = Debug|Any CPU
		{02422EEE-4258-4FC4-AA0B-69B488926471}.Debug|x64.ActiveCfg = Debug|Any CPU
		{02422EEE-4258-4FC4-AA0B-69B488926471}.Debug|x64.Build.0 = Debug|Any CPU
		{02422EEE-4258-4FC4-AA0B-69B488926471}.Debug|x86.ActiveCfg = Debug|Any CPU
		{02422EEE-4258-4FC4-AA0B-69B488926471}.Debug|x86.Build.0 = Debug|Any CPU
		{02422EEE-4258-4FC4-AA0B-69B488926471}.Release|Any CPU.ActiveCfg = Release|Any CPU
		{02422EEE-4258-4FC4-AA0B-69B488926471}.Release|Any CPU.Build.0 = Release|Any CPU
		{02422EEE-4258-4FC4-AA0B-69B488926471}.Release|x64.ActiveCfg = Release|Any CPU
		{02422EEE-4258-4FC4-AA0B-69B488926471}.Release|x64.Build.0 = Release|Any CPU
		{02422EEE-4258-4FC4-AA0B-69B488926471}.Release|x86.ActiveCfg = Release|Any CPU
		{02422EEE-4258-4FC4-AA0B-69B488926471}.Release|x86.Build.0 = Release|Any CPU
		{5E2029FE-0683-4DB8-90D4-E574BF199793}.Debug|Any CPU.ActiveCfg = Debug|Any CPU
		{5E2029FE-0683-4DB8-90D4-E574BF199793}.Debug|Any CPU.Build.0 = Debug|Any CPU
		{5E2029FE-0683-4DB8-90D4-E574BF199793}.Debug|x64.ActiveCfg = Debug|Any CPU
		{5E2029FE-0683-4DB8-90D4-E574BF199793}.Debug|x64.Build.0 = Debug|Any CPU
		{5E2029FE-0683-4DB8-90D4-E574BF199793}.Debug|x86.ActiveCfg = Debug|Any CPU
		{5E2029FE-0683-4DB8-90D4-E574BF199793}.Debug|x86.Build.0 = Debug|Any CPU
		{5E2029FE-0683-4DB8-90D4-E574BF199793}.Release|Any CPU.ActiveCfg = Release|Any CPU
		{5E2029FE-0683-4DB8-90D4-E574BF199793}.Release|Any CPU.Build.0 = Release|Any CPU
		{5E2029FE-0683-4DB8-90D4-E574BF199793}.Release|x64.ActiveCfg = Release|Any CPU
		{5E2029FE-0683-4DB8-90D4-E574BF199793}.Release|x64.Build.0 = Release|Any CPU
		{5E2029FE-0683-4DB8-90D4-E574BF199793}.Release|x86.ActiveCfg = Release|Any CPU
		{5E2029FE-0683-4DB8-90D4-E574BF199793}.Release|x86.Build.0 = Release|Any CPU
		{81B0C9A6-93BD-437A-8486-E79D7138FF37}.Debug|Any CPU.ActiveCfg = Debug|Any CPU
		{81B0C9A6-93BD-437A-8486-E79D7138FF37}.Debug|Any CPU.Build.0 = Debug|Any CPU
		{81B0C9A6-93BD-437A-8486-E79D7138FF37}.Debug|x64.ActiveCfg = Debug|Any CPU
		{81B0C9A6-93BD-437A-8486-E79D7138FF37}.Debug|x64.Build.0 = Debug|Any CPU
		{81B0C9A6-93BD-437A-8486-E79D7138FF37}.Debug|x86.ActiveCfg = Debug|Any CPU
		{81B0C9A6-93BD-437A-8486-E79D7138FF37}.Debug|x86.Build.0 = Debug|Any CPU
		{81B0C9A6-93BD-437A-8486-E79D7138FF37}.Release|Any CPU.ActiveCfg = Release|Any CPU
		{81B0C9A6-93BD-437A-8486-E79D7138FF37}.Release|Any CPU.Build.0 = Release|Any CPU
		{81B0C9A6-93BD-437A-8486-E79D7138FF37}.Release|x64.ActiveCfg = Release|Any CPU
		{81B0C9A6-93BD-437A-8486-E79D7138FF37}.Release|x64.Build.0 = Release|Any CPU
		{81B0C9A6-93BD-437A-8486-E79D7138FF37}.Release|x86.ActiveCfg = Release|Any CPU
		{81B0C9A6-93BD-437A-8486-E79D7138FF37}.Release|x86.Build.0 = Release|Any CPU
		{24FBF4B4-3A4E-4EFE-A2D0-16CC08D8AC76}.Debug|Any CPU.ActiveCfg = Debug|Any CPU
		{24FBF4B4-3A4E-4EFE-A2D0-16CC08D8AC76}.Debug|Any CPU.Build.0 = Debug|Any CPU
		{24FBF4B4-3A4E-4EFE-A2D0-16CC08D8AC76}.Debug|x64.ActiveCfg = Debug|Any CPU
		{24FBF4B4-3A4E-4EFE-A2D0-16CC08D8AC76}.Debug|x64.Build.0 = Debug|Any CPU
		{24FBF4B4-3A4E-4EFE-A2D0-16CC08D8AC76}.Debug|x86.ActiveCfg = Debug|Any CPU
		{24FBF4B4-3A4E-4EFE-A2D0-16CC08D8AC76}.Debug|x86.Build.0 = Debug|Any CPU
		{24FBF4B4-3A4E-4EFE-A2D0-16CC08D8AC76}.Release|Any CPU.ActiveCfg = Release|Any CPU
		{24FBF4B4-3A4E-4EFE-A2D0-16CC08D8AC76}.Release|Any CPU.Build.0 = Release|Any CPU
		{24FBF4B4-3A4E-4EFE-A2D0-16CC08D8AC76}.Release|x64.ActiveCfg = Release|Any CPU
		{24FBF4B4-3A4E-4EFE-A2D0-16CC08D8AC76}.Release|x64.Build.0 = Release|Any CPU
		{24FBF4B4-3A4E-4EFE-A2D0-16CC08D8AC76}.Release|x86.ActiveCfg = Release|Any CPU
		{24FBF4B4-3A4E-4EFE-A2D0-16CC08D8AC76}.Release|x86.Build.0 = Release|Any CPU
		{CC384BE0-95D1-47D4-9E8A-39ED5EC5E09D}.Debug|Any CPU.ActiveCfg = Debug|Any CPU
		{CC384BE0-95D1-47D4-9E8A-39ED5EC5E09D}.Debug|Any CPU.Build.0 = Debug|Any CPU
		{CC384BE0-95D1-47D4-9E8A-39ED5EC5E09D}.Debug|x64.ActiveCfg = Debug|Any CPU
		{CC384BE0-95D1-47D4-9E8A-39ED5EC5E09D}.Debug|x64.Build.0 = Debug|Any CPU
		{CC384BE0-95D1-47D4-9E8A-39ED5EC5E09D}.Debug|x86.ActiveCfg = Debug|Any CPU
		{CC384BE0-95D1-47D4-9E8A-39ED5EC5E09D}.Debug|x86.Build.0 = Debug|Any CPU
		{CC384BE0-95D1-47D4-9E8A-39ED5EC5E09D}.Release|Any CPU.ActiveCfg = Release|Any CPU
		{CC384BE0-95D1-47D4-9E8A-39ED5EC5E09D}.Release|Any CPU.Build.0 = Release|Any CPU
		{CC384BE0-95D1-47D4-9E8A-39ED5EC5E09D}.Release|x64.ActiveCfg = Release|Any CPU
		{CC384BE0-95D1-47D4-9E8A-39ED5EC5E09D}.Release|x64.Build.0 = Release|Any CPU
		{CC384BE0-95D1-47D4-9E8A-39ED5EC5E09D}.Release|x86.ActiveCfg = Release|Any CPU
		{CC384BE0-95D1-47D4-9E8A-39ED5EC5E09D}.Release|x86.Build.0 = Release|Any CPU
	EndGlobalSection
	GlobalSection(SolutionProperties) = preSolution
		HideSolutionNode = FALSE
	EndGlobalSection
	GlobalSection(NestedProjects) = preSolution
		{4A2A01D7-5C12-4310-9456-96B55021BB51} = {338D7726-0953-4C20-9B37-A6ABCCE75CBE}
		{ADC15572-7FFF-4059-99EF-151212964444} = {338D7726-0953-4C20-9B37-A6ABCCE75CBE}
		{02422EEE-4258-4FC4-AA0B-69B488926471} = {338D7726-0953-4C20-9B37-A6ABCCE75CBE}
		{5E2029FE-0683-4DB8-90D4-E574BF199793} = {338D7726-0953-4C20-9B37-A6ABCCE75CBE}
		{81B0C9A6-93BD-437A-8486-E79D7138FF37} = {338D7726-0953-4C20-9B37-A6ABCCE75CBE}
		{24FBF4B4-3A4E-4EFE-A2D0-16CC08D8AC76} = {338D7726-0953-4C20-9B37-A6ABCCE75CBE}
		{CC384BE0-95D1-47D4-9E8A-39ED5EC5E09D} = {338D7726-0953-4C20-9B37-A6ABCCE75CBE}
	EndGlobalSection
	GlobalSection(ExtensibilityGlobals) = postSolution
		SolutionGuid = {94BB18AE-2818-4AE3-81E5-A0B53EF02205}
	EndGlobalSection
EndGlobal
